// !$*UTF8*$!
{
	archiveVersion = 1;
	classes = {
	};
	objectVersion = 56;
	objects = {

/* Begin PBXBuildFile section */
		8C25A2ED29309A390019DD11 /* ThemeParksApp.swift in Sources */ = {isa = PBXBuildFile; fileRef = 8C25A2EC29309A390019DD11 /* ThemeParksApp.swift */; };
		8C25A2EF29309A3A0019DD11 /* ContentView.swift in Sources */ = {isa = PBXBuildFile; fileRef = 8C25A2EE29309A3A0019DD11 /* ContentView.swift */; };
		8C25A2F129309A3B0019DD11 /* Assets.xcassets in Resources */ = {isa = PBXBuildFile; fileRef = 8C25A2F029309A3B0019DD11 /* Assets.xcassets */; };
		8C25A2F429309A3B0019DD11 /* Preview Assets.xcassets in Resources */ = {isa = PBXBuildFile; fileRef = 8C25A2F329309A3B0019DD11 /* Preview Assets.xcassets */; };
		8C25A2FE29309A3C0019DD11 /* ThemeParksTests.swift in Sources */ = {isa = PBXBuildFile; fileRef = 8C25A2FD29309A3C0019DD11 /* ThemeParksTests.swift */; };
		8C25A30829309A3C0019DD11 /* ThemeParksUITests.swift in Sources */ = {isa = PBXBuildFile; fileRef = 8C25A30729309A3C0019DD11 /* ThemeParksUITests.swift */; };
		8C25A30A29309A3C0019DD11 /* ThemeParksUITestsLaunchTests.swift in Sources */ = {isa = PBXBuildFile; fileRef = 8C25A30929309A3C0019DD11 /* ThemeParksUITestsLaunchTests.swift */; };
		8C25A319293130940019DD11 /* TPViewModel.swift in Sources */ = {isa = PBXBuildFile; fileRef = 8C25A318293130940019DD11 /* TPViewModel.swift */; };
		8C25A31D2931E4310019DD11 /* Park.swift in Sources */ = {isa = PBXBuildFile; fileRef = 8C25A31C2931E4310019DD11 /* Park.swift */; };
		8C25A31F2931E6D40019DD11 /* DataStore.swift in Sources */ = {isa = PBXBuildFile; fileRef = 8C25A31E2931E6D40019DD11 /* DataStore.swift */; };
		8C25A3212931F1E80019DD11 /* ParkAnnotationView.swift in Sources */ = {isa = PBXBuildFile; fileRef = 8C25A3202931F1E80019DD11 /* ParkAnnotationView.swift */; };
/* End PBXBuildFile section */

/* Begin PBXContainerItemProxy section */
		8C25A2FA29309A3C0019DD11 /* PBXContainerItemProxy */ = {
			isa = PBXContainerItemProxy;
			containerPortal = 8C25A2E129309A390019DD11 /* Project object */;
			proxyType = 1;
			remoteGlobalIDString = 8C25A2E829309A390019DD11;
			remoteInfo = ThemeParks;
		};
		8C25A30429309A3C0019DD11 /* PBXContainerItemProxy */ = {
			isa = PBXContainerItemProxy;
			containerPortal = 8C25A2E129309A390019DD11 /* Project object */;
			proxyType = 1;
			remoteGlobalIDString = 8C25A2E829309A390019DD11;
			remoteInfo = ThemeParks;
		};
/* End PBXContainerItemProxy section */

/* Begin PBXFileReference section */
		8C25A2E929309A390019DD11 /* ThemeParks.app */ = {isa = PBXFileReference; explicitFileType = wrapper.application; includeInIndex = 0; path = ThemeParks.app; sourceTree = BUILT_PRODUCTS_DIR; };
		8C25A2EC29309A390019DD11 /* ThemeParksApp.swift */ = {isa = PBXFileReference; lastKnownFileType = sourcecode.swift; path = ThemeParksApp.swift; sourceTree = "<group>"; };
		8C25A2EE29309A3A0019DD11 /* ContentView.swift */ = {isa = PBXFileReference; lastKnownFileType = sourcecode.swift; path = ContentView.swift; sourceTree = "<group>"; };
		8C25A2F029309A3B0019DD11 /* Assets.xcassets */ = {isa = PBXFileReference; lastKnownFileType = folder.assetcatalog; path = Assets.xcassets; sourceTree = "<group>"; };
		8C25A2F329309A3B0019DD11 /* Preview Assets.xcassets */ = {isa = PBXFileReference; lastKnownFileType = folder.assetcatalog; path = "Preview Assets.xcassets"; sourceTree = "<group>"; };
		8C25A2F929309A3C0019DD11 /* ThemeParksTests.xctest */ = {isa = PBXFileReference; explicitFileType = wrapper.cfbundle; includeInIndex = 0; path = ThemeParksTests.xctest; sourceTree = BUILT_PRODUCTS_DIR; };
		8C25A2FD29309A3C0019DD11 /* ThemeParksTests.swift */ = {isa = PBXFileReference; lastKnownFileType = sourcecode.swift; path = ThemeParksTests.swift; sourceTree = "<group>"; };
		8C25A30329309A3C0019DD11 /* ThemeParksUITests.xctest */ = {isa = PBXFileReference; explicitFileType = wrapper.cfbundle; includeInIndex = 0; path = ThemeParksUITests.xctest; sourceTree = BUILT_PRODUCTS_DIR; };
		8C25A30729309A3C0019DD11 /* ThemeParksUITests.swift */ = {isa = PBXFileReference; lastKnownFileType = sourcecode.swift; path = ThemeParksUITests.swift; sourceTree = "<group>"; };
		8C25A30929309A3C0019DD11 /* ThemeParksUITestsLaunchTests.swift */ = {isa = PBXFileReference; lastKnownFileType = sourcecode.swift; path = ThemeParksUITestsLaunchTests.swift; sourceTree = "<group>"; };
		8C25A318293130940019DD11 /* TPViewModel.swift */ = {isa = PBXFileReference; lastKnownFileType = sourcecode.swift; path = TPViewModel.swift; sourceTree = "<group>"; };
		8C25A31C2931E4310019DD11 /* Park.swift */ = {isa = PBXFileReference; lastKnownFileType = sourcecode.swift; path = Park.swift; sourceTree = "<group>"; };
		8C25A31E2931E6D40019DD11 /* DataStore.swift */ = {isa = PBXFileReference; lastKnownFileType = sourcecode.swift; path = DataStore.swift; sourceTree = "<group>"; };
		8C25A3202931F1E80019DD11 /* ParkAnnotationView.swift */ = {isa = PBXFileReference; lastKnownFileType = sourcecode.swift; path = ParkAnnotationView.swift; sourceTree = "<group>"; };
/* End PBXFileReference section */

/* Begin PBXFrameworksBuildPhase section */
		8C25A2E629309A390019DD11 /* Frameworks */ = {
			isa = PBXFrameworksBuildPhase;
			buildActionMask = 2147483647;
			files = (
			);
			runOnlyForDeploymentPostprocessing = 0;
		};
		8C25A2F629309A3C0019DD11 /* Frameworks */ = {
			isa = PBXFrameworksBuildPhase;
			buildActionMask = 2147483647;
			files = (
			);
			runOnlyForDeploymentPostprocessing = 0;
		};
		8C25A30029309A3C0019DD11 /* Frameworks */ = {
			isa = PBXFrameworksBuildPhase;
			buildActionMask = 2147483647;
			files = (
			);
			runOnlyForDeploymentPostprocessing = 0;
		};
/* End PBXFrameworksBuildPhase section */

/* Begin PBXGroup section */
		8C25A2E029309A390019DD11 = {
			isa = PBXGroup;
			children = (
				8C25A2EB29309A390019DD11 /* ThemeParks */,
				8C25A2FC29309A3C0019DD11 /* ThemeParksTests */,
				8C25A30629309A3C0019DD11 /* ThemeParksUITests */,
				8C25A2EA29309A390019DD11 /* Products */,
			);
			sourceTree = "<group>";
		};
		8C25A2EA29309A390019DD11 /* Products */ = {
			isa = PBXGroup;
			children = (
				8C25A2E929309A390019DD11 /* ThemeParks.app */,
				8C25A2F929309A3C0019DD11 /* ThemeParksTests.xctest */,
				8C25A30329309A3C0019DD11 /* ThemeParksUITests.xctest */,
			);
			name = Products;
			sourceTree = "<group>";
		};
		8C25A2EB29309A390019DD11 /* ThemeParks */ = {
			isa = PBXGroup;
			children = (
				8C25A31B2931E3F50019DD11 /* Model */,
				8C25A31A2931E3E70019DD11 /* Data */,
				8C25A31629312F450019DD11 /* View */,
				8C25A31729312F6D0019DD11 /* ViewModel */,
				8C25A2EC29309A390019DD11 /* ThemeParksApp.swift */,
				8C25A2F029309A3B0019DD11 /* Assets.xcassets */,
				8C25A2F229309A3B0019DD11 /* Preview Content */,
			);
			path = ThemeParks;
			sourceTree = "<group>";
		};
		8C25A2F229309A3B0019DD11 /* Preview Content */ = {
			isa = PBXGroup;
			children = (
				8C25A2F329309A3B0019DD11 /* Preview Assets.xcassets */,
			);
			path = "Preview Content";
			sourceTree = "<group>";
		};
		8C25A2FC29309A3C0019DD11 /* ThemeParksTests */ = {
			isa = PBXGroup;
			children = (
				8C25A2FD29309A3C0019DD11 /* ThemeParksTests.swift */,
			);
			path = ThemeParksTests;
			sourceTree = "<group>";
		};
		8C25A30629309A3C0019DD11 /* ThemeParksUITests */ = {
			isa = PBXGroup;
			children = (
				8C25A30729309A3C0019DD11 /* ThemeParksUITests.swift */,
				8C25A30929309A3C0019DD11 /* ThemeParksUITestsLaunchTests.swift */,
			);
			path = ThemeParksUITests;
			sourceTree = "<group>";
		};
		8C25A31629312F450019DD11 /* View */ = {
			isa = PBXGroup;
			children = (
				8C25A2EE29309A3A0019DD11 /* ContentView.swift */,
				8C25A3202931F1E80019DD11 /* ParkAnnotationView.swift */,
			);
			path = View;
			sourceTree = "<group>";
		};
		8C25A31729312F6D0019DD11 /* ViewModel */ = {
			isa = PBXGroup;
			children = (
				8C25A318293130940019DD11 /* TPViewModel.swift */,
			);
			path = ViewModel;
			sourceTree = "<group>";
		};
		8C25A31A2931E3E70019DD11 /* Data */ = {
			isa = PBXGroup;
			children = (
				8C25A31E2931E6D40019DD11 /* DataStore.swift */,
			);
			path = Data;
			sourceTree = "<group>";
		};
		8C25A31B2931E3F50019DD11 /* Model */ = {
			isa = PBXGroup;
			children = (
				8C25A31C2931E4310019DD11 /* Park.swift */,
			);
			path = Model;
			sourceTree = "<group>";
		};
/* End PBXGroup section */

/* Begin PBXNativeTarget section */
		8C25A2E829309A390019DD11 /* ThemeParks */ = {
			isa = PBXNativeTarget;
			buildConfigurationList = 8C25A30D29309A3C0019DD11 /* Build configuration list for PBXNativeTarget "ThemeParks" */;
			buildPhases = (
				8C25A2E529309A390019DD11 /* Sources */,
				8C25A2E629309A390019DD11 /* Frameworks */,
				8C25A2E729309A390019DD11 /* Resources */,
			);
			buildRules = (
			);
			dependencies = (
			);
			name = ThemeParks;
			productName = ThemeParks;
			productReference = 8C25A2E929309A390019DD11 /* ThemeParks.app */;
			productType = "com.apple.product-type.application";
		};
		8C25A2F829309A3C0019DD11 /* ThemeParksTests */ = {
			isa = PBXNativeTarget;
			buildConfigurationList = 8C25A31029309A3C0019DD11 /* Build configuration list for PBXNativeTarget "ThemeParksTests" */;
			buildPhases = (
				8C25A2F529309A3C0019DD11 /* Sources */,
				8C25A2F629309A3C0019DD11 /* Frameworks */,
				8C25A2F729309A3C0019DD11 /* Resources */,
			);
			buildRules = (
			);
			dependencies = (
				8C25A2FB29309A3C0019DD11 /* PBXTargetDependency */,
			);
			name = ThemeParksTests;
			productName = ThemeParksTests;
			productReference = 8C25A2F929309A3C0019DD11 /* ThemeParksTests.xctest */;
			productType = "com.apple.product-type.bundle.unit-test";
		};
		8C25A30229309A3C0019DD11 /* ThemeParksUITests */ = {
			isa = PBXNativeTarget;
			buildConfigurationList = 8C25A31329309A3C0019DD11 /* Build configuration list for PBXNativeTarget "ThemeParksUITests" */;
			buildPhases = (
				8C25A2FF29309A3C0019DD11 /* Sources */,
				8C25A30029309A3C0019DD11 /* Frameworks */,
				8C25A30129309A3C0019DD11 /* Resources */,
			);
			buildRules = (
			);
			dependencies = (
				8C25A30529309A3C0019DD11 /* PBXTargetDependency */,
			);
			name = ThemeParksUITests;
			productName = ThemeParksUITests;
			productReference = 8C25A30329309A3C0019DD11 /* ThemeParksUITests.xctest */;
			productType = "com.apple.product-type.bundle.ui-testing";
		};
/* End PBXNativeTarget section */

/* Begin PBXProject section */
		8C25A2E129309A390019DD11 /* Project object */ = {
			isa = PBXProject;
			attributes = {
				BuildIndependentTargetsInParallel = 1;
				LastSwiftUpdateCheck = 1410;
				LastUpgradeCheck = 1410;
				TargetAttributes = {
					8C25A2E829309A390019DD11 = {
						CreatedOnToolsVersion = 14.1;
					};
					8C25A2F829309A3C0019DD11 = {
						CreatedOnToolsVersion = 14.1;
						TestTargetID = 8C25A2E829309A390019DD11;
					};
					8C25A30229309A3C0019DD11 = {
						CreatedOnToolsVersion = 14.1;
						TestTargetID = 8C25A2E829309A390019DD11;
					};
				};
			};
			buildConfigurationList = 8C25A2E429309A390019DD11 /* Build configuration list for PBXProject "ThemeParks" */;
			compatibilityVersion = "Xcode 14.0";
			developmentRegion = en;
			hasScannedForEncodings = 0;
			knownRegions = (
				en,
				Base,
			);
			mainGroup = 8C25A2E029309A390019DD11;
			productRefGroup = 8C25A2EA29309A390019DD11 /* Products */;
			projectDirPath = "";
			projectRoot = "";
			targets = (
				8C25A2E829309A390019DD11 /* ThemeParks */,
				8C25A2F829309A3C0019DD11 /* ThemeParksTests */,
				8C25A30229309A3C0019DD11 /* ThemeParksUITests */,
			);
		};
/* End PBXProject section */

/* Begin PBXResourcesBuildPhase section */
		8C25A2E729309A390019DD11 /* Resources */ = {
			isa = PBXResourcesBuildPhase;
			buildActionMask = 2147483647;
			files = (
				8C25A2F429309A3B0019DD11 /* Preview Assets.xcassets in Resources */,
				8C25A2F129309A3B0019DD11 /* Assets.xcassets in Resources */,
			);
			runOnlyForDeploymentPostprocessing = 0;
		};
		8C25A2F729309A3C0019DD11 /* Resources */ = {
			isa = PBXResourcesBuildPhase;
			buildActionMask = 2147483647;
			files = (
			);
			runOnlyForDeploymentPostprocessing = 0;
		};
		8C25A30129309A3C0019DD11 /* Resources */ = {
			isa = PBXResourcesBuildPhase;
			buildActionMask = 2147483647;
			files = (
			);
			runOnlyForDeploymentPostprocessing = 0;
		};
/* End PBXResourcesBuildPhase section */

/* Begin PBXSourcesBuildPhase section */
		8C25A2E529309A390019DD11 /* Sources */ = {
			isa = PBXSourcesBuildPhase;
			buildActionMask = 2147483647;
			files = (
				8C25A319293130940019DD11 /* TPViewModel.swift in Sources */,
				8C25A2EF29309A3A0019DD11 /* ContentView.swift in Sources */,
				8C25A2ED29309A390019DD11 /* ThemeParksApp.swift in Sources */,
				8C25A3212931F1E80019DD11 /* ParkAnnotationView.swift in Sources */,
				8C25A31F2931E6D40019DD11 /* DataStore.swift in Sources */,
				8C25A31D2931E4310019DD11 /* Park.swift in Sources */,
			);
			runOnlyForDeploymentPostprocessing = 0;
		};
		8C25A2F529309A3C0019DD11 /* Sources */ = {
			isa = PBXSourcesBuildPhase;
			buildActionMask = 2147483647;
			files = (
				8C25A2FE29309A3C0019DD11 /* ThemeParksTests.swift in Sources */,
			);
			runOnlyForDeploymentPostprocessing = 0;
		};
		8C25A2FF29309A3C0019DD11 /* Sources */ = {
			isa = PBXSourcesBuildPhase;
			buildActionMask = 2147483647;
			files = (
				8C25A30A29309A3C0019DD11 /* ThemeParksUITestsLaunchTests.swift in Sources */,
				8C25A30829309A3C0019DD11 /* ThemeParksUITests.swift in Sources */,
			);
			runOnlyForDeploymentPostprocessing = 0;
		};
/* End PBXSourcesBuildPhase section */

/* Begin PBXTargetDependency section */
		8C25A2FB29309A3C0019DD11 /* PBXTargetDependency */ = {
			isa = PBXTargetDependency;
			target = 8C25A2E829309A390019DD11 /* ThemeParks */;
			targetProxy = 8C25A2FA29309A3C0019DD11 /* PBXContainerItemProxy */;
		};
		8C25A30529309A3C0019DD11 /* PBXTargetDependency */ = {
			isa = PBXTargetDependency;
			target = 8C25A2E829309A390019DD11 /* ThemeParks */;
			targetProxy = 8C25A30429309A3C0019DD11 /* PBXContainerItemProxy */;
		};
/* End PBXTargetDependency section */

/* Begin XCBuildConfiguration section */
		8C25A30B29309A3C0019DD11 /* Debug */ = {
			isa = XCBuildConfiguration;
			buildSettings = {
				ALWAYS_SEARCH_USER_PATHS = NO;
				CLANG_ANALYZER_NONNULL = YES;
				CLANG_ANALYZER_NUMBER_OBJECT_CONVERSION = YES_AGGRESSIVE;
				CLANG_CXX_LANGUAGE_STANDARD = "gnu++20";
				CLANG_ENABLE_MODULES = YES;
				CLANG_ENABLE_OBJC_ARC = YES;
				CLANG_ENABLE_OBJC_WEAK = YES;
				CLANG_WARN_BLOCK_CAPTURE_AUTORELEASING = YES;
				CLANG_WARN_BOOL_CONVERSION = YES;
				CLANG_WARN_COMMA = YES;
				CLANG_WARN_CONSTANT_CONVERSION = YES;
				CLANG_WARN_DEPRECATED_OBJC_IMPLEMENTATIONS = YES;
				CLANG_WARN_DIRECT_OBJC_ISA_USAGE = YES_ERROR;
				CLANG_WARN_DOCUMENTATION_COMMENTS = YES;
				CLANG_WARN_EMPTY_BODY = YES;
				CLANG_WARN_ENUM_CONVERSION = YES;
				CLANG_WARN_INFINITE_RECURSION = YES;
				CLANG_WARN_INT_CONVERSION = YES;
				CLANG_WARN_NON_LITERAL_NULL_CONVERSION = YES;
				CLANG_WARN_OBJC_IMPLICIT_RETAIN_SELF = YES;
				CLANG_WARN_OBJC_LITERAL_CONVERSION = YES;
				CLANG_WARN_OBJC_ROOT_CLASS = YES_ERROR;
				CLANG_WARN_QUOTED_INCLUDE_IN_FRAMEWORK_HEADER = YES;
				CLANG_WARN_RANGE_LOOP_ANALYSIS = YES;
				CLANG_WARN_STRICT_PROTOTYPES = YES;
				CLANG_WARN_SUSPICIOUS_MOVE = YES;
				CLANG_WARN_UNGUARDED_AVAILABILITY = YES_AGGRESSIVE;
				CLANG_WARN_UNREACHABLE_CODE = YES;
				CLANG_WARN__DUPLICATE_METHOD_MATCH = YES;
				COPY_PHASE_STRIP = NO;
				DEBUG_INFORMATION_FORMAT = dwarf;
				ENABLE_STRICT_OBJC_MSGSEND = YES;
				ENABLE_TESTABILITY = YES;
				GCC_C_LANGUAGE_STANDARD = gnu11;
				GCC_DYNAMIC_NO_PIC = NO;
				GCC_NO_COMMON_BLOCKS = YES;
				GCC_OPTIMIZATION_LEVEL = 0;
				GCC_PREPROCESSOR_DEFINITIONS = (
					"DEBUG=1",
					"$(inherited)",
				);
				GCC_WARN_64_TO_32_BIT_CONVERSION = YES;
				GCC_WARN_ABOUT_RETURN_TYPE = YES_ERROR;
				GCC_WARN_UNDECLARED_SELECTOR = YES;
				GCC_WARN_UNINITIALIZED_AUTOS = YES_AGGRESSIVE;
				GCC_WARN_UNUSED_FUNCTION = YES;
				GCC_WARN_UNUSED_VARIABLE = YES;
				IPHONEOS_DEPLOYMENT_TARGET = 16.1;
				MTL_ENABLE_DEBUG_INFO = INCLUDE_SOURCE;
				MTL_FAST_MATH = YES;
				ONLY_ACTIVE_ARCH = YES;
				SDKROOT = iphoneos;
				SWIFT_ACTIVE_COMPILATION_CONDITIONS = DEBUG;
				SWIFT_OPTIMIZATION_LEVEL = "-Onone";
			};
			name = Debug;
		};
		8C25A30C29309A3C0019DD11 /* Release */ = {
			isa = XCBuildConfiguration;
			buildSettings = {
				ALWAYS_SEARCH_USER_PATHS = NO;
				CLANG_ANALYZER_NONNULL = YES;
				CLANG_ANALYZER_NUMBER_OBJECT_CONVERSION = YES_AGGRESSIVE;
				CLANG_CXX_LANGUAGE_STANDARD = "gnu++20";
				CLANG_ENABLE_MODULES = YES;
				CLANG_ENABLE_OBJC_ARC = YES;
				CLANG_ENABLE_OBJC_WEAK = YES;
				CLANG_WARN_BLOCK_CAPTURE_AUTORELEASING = YES;
				CLANG_WARN_BOOL_CONVERSION = YES;
				CLANG_WARN_COMMA = YES;
				CLANG_WARN_CONSTANT_CONVERSION = YES;
				CLANG_WARN_DEPRECATED_OBJC_IMPLEMENTATIONS = YES;
				CLANG_WARN_DIRECT_OBJC_ISA_USAGE = YES_ERROR;
				CLANG_WARN_DOCUMENTATION_COMMENTS = YES;
				CLANG_WARN_EMPTY_BODY = YES;
				CLANG_WARN_ENUM_CONVERSION = YES;
				CLANG_WARN_INFINITE_RECURSION = YES;
				CLANG_WARN_INT_CONVERSION = YES;
				CLANG_WARN_NON_LITERAL_NULL_CONVERSION = YES;
				CLANG_WARN_OBJC_IMPLICIT_RETAIN_SELF = YES;
				CLANG_WARN_OBJC_LITERAL_CONVERSION = YES;
				CLANG_WARN_OBJC_ROOT_CLASS = YES_ERROR;
				CLANG_WARN_QUOTED_INCLUDE_IN_FRAMEWORK_HEADER = YES;
				CLANG_WARN_RANGE_LOOP_ANALYSIS = YES;
				CLANG_WARN_STRICT_PROTOTYPES = YES;
				CLANG_WARN_SUSPICIOUS_MOVE = YES;
				CLANG_WARN_UNGUARDED_AVAILABILITY = YES_AGGRESSIVE;
				CLANG_WARN_UNREACHABLE_CODE = YES;
				CLANG_WARN__DUPLICATE_METHOD_MATCH = YES;
				COPY_PHASE_STRIP = NO;
				DEBUG_INFORMATION_FORMAT = "dwarf-with-dsym";
				ENABLE_NS_ASSERTIONS = NO;
				ENABLE_STRICT_OBJC_MSGSEND = YES;
				GCC_C_LANGUAGE_STANDARD = gnu11;
				GCC_NO_COMMON_BLOCKS = YES;
				GCC_WARN_64_TO_32_BIT_CONVERSION = YES;
				GCC_WARN_ABOUT_RETURN_TYPE = YES_ERROR;
				GCC_WARN_UNDECLARED_SELECTOR = YES;
				GCC_WARN_UNINITIALIZED_AUTOS = YES_AGGRESSIVE;
				GCC_WARN_UNUSED_FUNCTION = YES;
				GCC_WARN_UNUSED_VARIABLE = YES;
				IPHONEOS_DEPLOYMENT_TARGET = 16.1;
				MTL_ENABLE_DEBUG_INFO = NO;
				MTL_FAST_MATH = YES;
				SDKROOT = iphoneos;
				SWIFT_COMPILATION_MODE = wholemodule;
				SWIFT_OPTIMIZATION_LEVEL = "-O";
				VALIDATE_PRODUCT = YES;
			};
			name = Release;
		};
		8C25A30E29309A3C0019DD11 /* Debug */ = {
			isa = XCBuildConfiguration;
			buildSettings = {
				ASSETCATALOG_COMPILER_APPICON_NAME = AppIcon;
				ASSETCATALOG_COMPILER_GLOBAL_ACCENT_COLOR_NAME = AccentColor;
				CODE_SIGN_STYLE = Automatic;
				CURRENT_PROJECT_VERSION = 1;
				DEVELOPMENT_ASSET_PATHS = "\"ThemeParks/Preview Content\"";
				DEVELOPMENT_TEAM = 2W2GK9ZGZC;
				ENABLE_PREVIEWS = YES;
				GENERATE_INFOPLIST_FILE = YES;
				INFOPLIST_KEY_UIApplicationSceneManifest_Generation = YES;
				INFOPLIST_KEY_UIApplicationSupportsIndirectInputEvents = YES;
				INFOPLIST_KEY_UILaunchScreen_Generation = YES;
				INFOPLIST_KEY_UISupportedInterfaceOrientations_iPad = "UIInterfaceOrientationPortrait UIInterfaceOrientationPortraitUpsideDown UIInterfaceOrientationLandscapeLeft UIInterfaceOrientationLandscapeRight";
				INFOPLIST_KEY_UISupportedInterfaceOrientations_iPhone = "UIInterfaceOrientationPortrait UIInterfaceOrientationLandscapeLeft UIInterfaceOrientationLandscapeRight";
				LD_RUNPATH_SEARCH_PATHS = (
					"$(inherited)",
					"@executable_path/Frameworks",
				);
				MARKETING_VERSION = 1.0;
				PRODUCT_BUNDLE_IDENTIFIER = com.OleavittApps.ThemeParks;
				PRODUCT_NAME = "$(TARGET_NAME)";
				SWIFT_EMIT_LOC_STRINGS = YES;
				SWIFT_VERSION = 5.0;
				TARGETED_DEVICE_FAMILY = "1,2";
			};
			name = Debug;
		};
		8C25A30F29309A3C0019DD11 /* Release */ = {
			isa = XCBuildConfiguration;
			buildSettings = {
				ASSETCATALOG_COMPILER_APPICON_NAME = AppIcon;
				ASSETCATALOG_COMPILER_GLOBAL_ACCENT_COLOR_NAME = AccentColor;
				CODE_SIGN_STYLE = Automatic;
				CURRENT_PROJECT_VERSION = 1;
				DEVELOPMENT_ASSET_PATHS = "\"ThemeParks/Preview Content\"";
				DEVELOPMENT_TEAM = 2W2GK9ZGZC;
				ENABLE_PREVIEWS = YES;
				GENERATE_INFOPLIST_FILE = YES;
				INFOPLIST_KEY_UIApplicationSceneManifest_Generation = YES;
				INFOPLIST_KEY_UIApplicationSupportsIndirectInputEvents = YES;
				INFOPLIST_KEY_UILaunchScreen_Generation = YES;
				INFOPLIST_KEY_UISupportedInterfaceOrientations_iPad = "UIInterfaceOrientationPortrait UIInterfaceOrientationPortraitUpsideDown UIInterfaceOrientationLandscapeLeft UIInterfaceOrientationLandscapeRight";
				INFOPLIST_KEY_UISupportedInterfaceOrientations_iPhone = "UIInterfaceOrientationPortrait UIInterfaceOrientationLandscapeLeft UIInterfaceOrientationLandscapeRight";
				LD_RUNPATH_SEARCH_PATHS = (
					"$(inherited)",
					"@executable_path/Frameworks",
				);
				MARKETING_VERSION = 1.0;
				PRODUCT_BUNDLE_IDENTIFIER = com.OleavittApps.ThemeParks;
				PRODUCT_NAME = "$(TARGET_NAME)";
				SWIFT_EMIT_LOC_STRINGS = YES;
				SWIFT_VERSION = 5.0;
				TARGETED_DEVICE_FAMILY = "1,2";
			};
			name = Release;
		};
		8C25A31129309A3C0019DD11 /* Debug */ = {
			isa = XCBuildConfiguration;
			buildSettings = {
				ALWAYS_EMBED_SWIFT_STANDARD_LIBRARIES = YES;
				BUNDLE_LOADER = "$(TEST_HOST)";
				CODE_SIGN_STYLE = Automatic;
				CURRENT_PROJECT_VERSION = 1;
				DEVELOPMENT_TEAM = 2W2GK9ZGZC;
				GENERATE_INFOPLIST_FILE = YES;
				IPHONEOS_DEPLOYMENT_TARGET = 16.1;
				MARKETING_VERSION = 1.0;
				PRODUCT_BUNDLE_IDENTIFIER = com.OleavittApps.ThemeParksTests;
				PRODUCT_NAME = "$(TARGET_NAME)";
				SWIFT_EMIT_LOC_STRINGS = NO;
				SWIFT_VERSION = 5.0;
				TARGETED_DEVICE_FAMILY = "1,2";
				TEST_HOST = "$(BUILT_PRODUCTS_DIR)/ThemeParks.app/$(BUNDLE_EXECUTABLE_FOLDER_PATH)/ThemeParks";
			};
			name = Debug;
		};
		8C25A31229309A3C0019DD11 /* Release */ = {
			isa = XCBuildConfiguration;
			buildSettings = {
				ALWAYS_EMBED_SWIFT_STANDARD_LIBRARIES = YES;
				BUNDLE_LOADER = "$(TEST_HOST)";
				CODE_SIGN_STYLE = Automatic;
				CURRENT_PROJECT_VERSION = 1;
				DEVELOPMENT_TEAM = 2W2GK9ZGZC;
				GENERATE_INFOPLIST_FILE = YES;
				IPHONEOS_DEPLOYMENT_TARGET = 16.1;
				MARKETING_VERSION = 1.0;
				PRODUCT_BUNDLE_IDENTIFIER = com.OleavittApps.ThemeParksTests;
				PRODUCT_NAME = "$(TARGET_NAME)";
				SWIFT_EMIT_LOC_STRINGS = NO;
				SWIFT_VERSION = 5.0;
				TARGETED_DEVICE_FAMILY = "1,2";
				TEST_HOST = "$(BUILT_PRODUCTS_DIR)/ThemeParks.app/$(BUNDLE_EXECUTABLE_FOLDER_PATH)/ThemeParks";
			};
			name = Release;
		};
		8C25A31429309A3C0019DD11 /* Debug */ = {
			isa = XCBuildConfiguration;
			buildSettings = {
				ALWAYS_EMBED_SWIFT_STANDARD_LIBRARIES = YES;
				CODE_SIGN_STYLE = Automatic;
				CURRENT_PROJECT_VERSION = 1;
				DEVELOPMENT_TEAM = 2W2GK9ZGZC;
				GENERATE_INFOPLIST_FILE = YES;
				MARKETING_VERSION = 1.0;
				PRODUCT_BUNDLE_IDENTIFIER = com.OleavittApps.ThemeParksUITests;
				PRODUCT_NAME = "$(TARGET_NAME)";
				SWIFT_EMIT_LOC_STRINGS = NO;
				SWIFT_VERSION = 5.0;
				TARGETED_DEVICE_FAMILY = "1,2";
				TEST_TARGET_NAME = ThemeParks;
			};
			name = Debug;
		};
		8C25A31529309A3C0019DD11 /* Release */ = {
			isa = XCBuildConfiguration;
			buildSettings = {
				ALWAYS_EMBED_SWIFT_STANDARD_LIBRARIES = YES;
				CODE_SIGN_STYLE = Automatic;
				CURRENT_PROJECT_VERSION = 1;
				DEVELOPMENT_TEAM = 2W2GK9ZGZC;
				GENERATE_INFOPLIST_FILE = YES;
				MARKETING_VERSION = 1.0;
				PRODUCT_BUNDLE_IDENTIFIER = com.OleavittApps.ThemeParksUITests;
				PRODUCT_NAME = "$(TARGET_NAME)";
				SWIFT_EMIT_LOC_STRINGS = NO;
				SWIFT_VERSION = 5.0;
				TARGETED_DEVICE_FAMILY = "1,2";
				TEST_TARGET_NAME = ThemeParks;
			};
			name = Release;
		};
/* End XCBuildConfiguration section */

/* Begin XCConfigurationList section */
		8C25A2E429309A390019DD11 /* Build configuration list for PBXProject "ThemeParks" */ = {
			isa = XCConfigurationList;
			buildConfigurations = (
				8C25A30B29309A3C0019DD11 /* Debug */,
				8C25A30C29309A3C0019DD11 /* Release */,
			);
			defaultConfigurationIsVisible = 0;
			defaultConfigurationName = Release;
		};
		8C25A30D29309A3C0019DD11 /* Build configuration list for PBXNativeTarget "ThemeParks" */ = {
			isa = XCConfigurationList;
			buildConfigurations = (
				8C25A30E29309A3C0019DD11 /* Debug */,
				8C25A30F29309A3C0019DD11 /* Release */,
			);
			defaultConfigurationIsVisible = 0;
			defaultConfigurationName = Release;
		};
		8C25A31029309A3C0019DD11 /* Build configuration list for PBXNativeTarget "ThemeParksTests" */ = {
			isa = XCConfigurationList;
			buildConfigurations = (
				8C25A31129309A3C0019DD11 /* Debug */,
				8C25A31229309A3C0019DD11 /* Release */,
			);
			defaultConfigurationIsVisible = 0;
			defaultConfigurationName = Release;
		};
		8C25A31329309A3C0019DD11 /* Build configuration list for PBXNativeTarget "ThemeParksUITests" */ = {
			isa = XCConfigurationList;
			buildConfigurations = (
				8C25A31429309A3C0019DD11 /* Debug */,
				8C25A31529309A3C0019DD11 /* Release */,
			);
			defaultConfigurationIsVisible = 0;
			defaultConfigurationName = Release;
		};
/* End XCConfigurationList section */
	};
	rootObject = 8C25A2E129309A390019DD11 /* Project object */;
}
